Microsoft Visual Studio Solution File, Format Version 11.00
# Visual Studio 2008

Project("{EF23F378-8B60-5201-E084-42C08B0D9DE6}") = "AgentSmith", "Assembly-CSharp-firstpass-vs.csproj", "{E18D2574-128D-1C6D-0727-51B7F8CD8BB2}"
EndProject
Project("{EF23F378-8B60-5201-E084-42C08B0D9DE6}") = "AgentSmith", "Assembly-CSharp-vs.csproj", "{FE777F2A-76D4-4C3B-FA9B-E83F08FA96DD}"
EndProject
Project("{EF23F378-8B60-5201-E084-42C08B0D9DE6}") = "AgentSmith", "Assembly-CSharp-Editor-vs.csproj", "{37D3E5EF-D3E2-F0F2-E97B-D3EF993427E6}"
EndProject
Global
	GlobalSection(SolutionConfigurationPlatforms) = preSolution
		Debug|Any CPU = Debug|Any CPU
		Release|Any CPU = Release|Any CPU
	EndGlobalSection
	GlobalSection(ProjectConfigurationPlatforms) = postSolution
		{E18D2574-128D-1C6D-0727-51B7F8CD8BB2}.Debug|Any CPU.ActiveCfg = Debug|Any CPU
		{E18D2574-128D-1C6D-0727-51B7F8CD8BB2}.Debug|Any CPU.Build.0 = Debug|Any CPU
		{E18D2574-128D-1C6D-0727-51B7F8CD8BB2}.Release|Any CPU.ActiveCfg = Release|Any CPU
		{E18D2574-128D-1C6D-0727-51B7F8CD8BB2}.Release|Any CPU.Build.0 = Release|Any CPU
		{FE777F2A-76D4-4C3B-FA9B-E83F08FA96DD}.Debug|Any CPU.ActiveCfg = Debug|Any CPU
		{FE777F2A-76D4-4C3B-FA9B-E83F08FA96DD}.Debug|Any CPU.Build.0 = Debug|Any CPU
		{FE777F2A-76D4-4C3B-FA9B-E83F08FA96DD}.Release|Any CPU.ActiveCfg = Release|Any CPU
		{FE777F2A-76D4-4C3B-FA9B-E83F08FA96DD}.Release|Any CPU.Build.0 = Release|Any CPU
		{37D3E5EF-D3E2-F0F2-E97B-D3EF993427E6}.Debug|Any CPU.ActiveCfg = Debug|Any CPU
		{37D3E5EF-D3E2-F0F2-E97B-D3EF993427E6}.Debug|Any CPU.Build.0 = Debug|Any CPU
		{37D3E5EF-D3E2-F0F2-E97B-D3EF993427E6}.Release|Any CPU.ActiveCfg = Release|Any CPU
		{37D3E5EF-D3E2-F0F2-E97B-D3EF993427E6}.Release|Any CPU.Build.0 = Release|Any CPU
	EndGlobalSection
	GlobalSection(SolutionProperties) = preSolution
		HideSolutionNode = FALSE
	EndGlobalSection
																				GlobalSection(MonoDevelopProperties) = preSolution
		StartupItem = Assembly-CSharp.csproj
		Policies = $0
		$0.TextStylePolicy = $1
		$1.inheritsSet = null
		$1.scope = text/x-csharp
		$0.CSharpFormattingPolicy = $2
		$2.inheritsSet = Mono
		$2.inheritsScope = text/x-csharp
		$2.scope = text/x-csharp
		$0.TextStylePolicy = $3
		$3.FileWidth = 120
		$3.TabWidth = 4
		$3.EolMarker = Unix
		$3.inheritsSet = Mono
		$3.inheritsScope = text/plain
		$3.scope = text/plain
	EndGlobalSection

EndGlobal
